
Microsoft Visual Studio Solution File, Format Version 12.00
# Visual Studio Version 17
VisualStudioVersion = 17.6.33723.286
MinimumVisualStudioVersion = 10.0.40219.1
Project("{FAE04EC0-301F-11D3-BF4B-00C04F79EFBC}") = "2Wheels", "2Wheels\2Wheels.csproj", "{DBBF11B9-1FA5-4C97-B7F4-4222B6EB21B2}"
EndProject
Global
	GlobalSection(SolutionConfigurationPlatforms) = preSolution
		Debug|Any CPU = Debug|Any CPU
		Release|Any CPU = Release|Any CPU
	EndGlobalSection
	GlobalSection(ProjectConfigurationPlatforms) = postSolution
		{DBBF11B9-1FA5-4C97-B7F4-4222B6EB21B2}.Debug|Any CPU.ActiveCfg = Debug|Any CPU
		{DBBF11B9-1FA5-4C97-B7F4-4222B6EB21B2}.Debug|Any CPU.Build.0 = Debug|Any CPU
		{DBBF11B9-1FA5-4C97-B7F4-4222B6EB21B2}.Release|Any CPU.ActiveCfg = Release|Any CPU
		{DBBF11B9-1FA5-4C97-B7F4-4222B6EB21B2}.Release|Any CPU.Build.0 = Release|Any CPU
	EndGlobalSection
	GlobalSection(SolutionProperties) = preSolution
		HideSolutionNode = FALSE
	EndGlobalSection
	GlobalSection(ExtensibilityGlobals) = postSolution
		SolutionGuid = {0E8A160A-E368-48EA-AD48-672BFD475454}
	EndGlobalSection
EndGlobal
